// !$*UTF8*$!
{
	archiveVersion = 1;
	classes = {
	};
	objectVersion = 48;
	objects = {

/* Begin PBXBuildFile section */
		E309595E20680FE600127FEF /* BinaryTree.swift in Sources */ = {isa = PBXBuildFile; fileRef = E309595D20680FE600127FEF /* BinaryTree.swift */; };
		E345C0542066BFDC0037B2F0 /* Tree.swift in Sources */ = {isa = PBXBuildFile; fileRef = E345C0532066BFDC0037B2F0 /* Tree.swift */; };
		E347EC3820736B2900D871D2 /* BinarySearchTree.swift in Sources */ = {isa = PBXBuildFile; fileRef = E347EC3720736B2900D871D2 /* BinarySearchTree.swift */; };
		E347EC3A20736BE200D871D2 /* LinkedList.swift in Sources */ = {isa = PBXBuildFile; fileRef = E347EC3920736BE200D871D2 /* LinkedList.swift */; };
		E347EC3D20736CEE00D871D2 /* RingBuffer.swift in Sources */ = {isa = PBXBuildFile; fileRef = E347EC3C20736CEE00D871D2 /* RingBuffer.swift */; };
		E394428520625646009A3B30 /* Stack.swift in Sources */ = {isa = PBXBuildFile; fileRef = E394428420625646009A3B30 /* Stack.swift */; };
		E398701F2061EF3D00B75875 /* AppDelegate.swift in Sources */ = {isa = PBXBuildFile; fileRef = E398701E2061EF3D00B75875 /* AppDelegate.swift */; };
		E39870212061EF3D00B75875 /* ViewController.swift in Sources */ = {isa = PBXBuildFile; fileRef = E39870202061EF3D00B75875 /* ViewController.swift */; };
		E39870242061EF3D00B75875 /* Main.storyboard in Resources */ = {isa = PBXBuildFile; fileRef = E39870222061EF3D00B75875 /* Main.storyboard */; };
		E39870262061EF3D00B75875 /* Assets.xcassets in Resources */ = {isa = PBXBuildFile; fileRef = E39870252061EF3D00B75875 /* Assets.xcassets */; };
		E39870292061EF3D00B75875 /* LaunchScreen.storyboard in Resources */ = {isa = PBXBuildFile; fileRef = E39870272061EF3D00B75875 /* LaunchScreen.storyboard */; };
		E39870342061EF3D00B75875 /* SwiftDataStructruesTests.swift in Sources */ = {isa = PBXBuildFile; fileRef = E39870332061EF3D00B75875 /* SwiftDataStructruesTests.swift */; };
		E39870452061EFB100B75875 /* Heap.swift in Sources */ = {isa = PBXBuildFile; fileRef = E39870442061EFB100B75875 /* Heap.swift */; };
		E398704720622F7800B75875 /* Queue.swift in Sources */ = {isa = PBXBuildFile; fileRef = E398704620622F7800B75875 /* Queue.swift */; };
/* End PBXBuildFile section */

/* Begin PBXContainerItemProxy section */
		E39870302061EF3D00B75875 /* PBXContainerItemProxy */ = {
			isa = PBXContainerItemProxy;
			containerPortal = E39870132061EF3C00B75875 /* Project object */;
			proxyType = 1;
			remoteGlobalIDString = E398701A2061EF3D00B75875;
			remoteInfo = SwiftDataStructrues;
		};
/* End PBXContainerItemProxy section */

/* Begin PBXFileReference section */
		E309595D20680FE600127FEF /* BinaryTree.swift */ = {isa = PBXFileReference; lastKnownFileType = sourcecode.swift; path = BinaryTree.swift; sourceTree = "<group>"; };
		E345C0532066BFDC0037B2F0 /* Tree.swift */ = {isa = PBXFileReference; lastKnownFileType = sourcecode.swift; path = Tree.swift; sourceTree = "<group>"; };
		E347EC3720736B2900D871D2 /* BinarySearchTree.swift */ = {isa = PBXFileReference; fileEncoding = 4; lastKnownFileType = sourcecode.swift; path = BinarySearchTree.swift; sourceTree = "<group>"; };
		E347EC3920736BE200D871D2 /* LinkedList.swift */ = {isa = PBXFileReference; fileEncoding = 4; lastKnownFileType = sourcecode.swift; path = LinkedList.swift; sourceTree = "<group>"; };
		E347EC3C20736CEE00D871D2 /* RingBuffer.swift */ = {isa = PBXFileReference; fileEncoding = 4; lastKnownFileType = sourcecode.swift; path = RingBuffer.swift; sourceTree = "<group>"; };
		E394428420625646009A3B30 /* Stack.swift */ = {isa = PBXFileReference; lastKnownFileType = sourcecode.swift; path = Stack.swift; sourceTree = "<group>"; };
		E398701B2061EF3D00B75875 /* SwiftDataStructrues.app */ = {isa = PBXFileReference; explicitFileType = wrapper.application; includeInIndex = 0; path = SwiftDataStructrues.app; sourceTree = BUILT_PRODUCTS_DIR; };
		E398701E2061EF3D00B75875 /* AppDelegate.swift */ = {isa = PBXFileReference; lastKnownFileType = sourcecode.swift; path = AppDelegate.swift; sourceTree = "<group>"; };
		E39870202061EF3D00B75875 /* ViewController.swift */ = {isa = PBXFileReference; lastKnownFileType = sourcecode.swift; path = ViewController.swift; sourceTree = "<group>"; };
		E39870232061EF3D00B75875 /* Base */ = {isa = PBXFileReference; lastKnownFileType = file.storyboard; name = Base; path = Base.lproj/Main.storyboard; sourceTree = "<group>"; };
		E39870252061EF3D00B75875 /* Assets.xcassets */ = {isa = PBXFileReference; lastKnownFileType = folder.assetcatalog; path = Assets.xcassets; sourceTree = "<group>"; };
		E39870282061EF3D00B75875 /* Base */ = {isa = PBXFileReference; lastKnownFileType = file.storyboard; name = Base; path = Base.lproj/LaunchScreen.storyboard; sourceTree = "<group>"; };
		E398702A2061EF3D00B75875 /* Info.plist */ = {isa = PBXFileReference; lastKnownFileType = text.plist.xml; path = Info.plist; sourceTree = "<group>"; };
		E398702F2061EF3D00B75875 /* SwiftDataStructruesTests.xctest */ = {isa = PBXFileReference; explicitFileType = wrapper.cfbundle; includeInIndex = 0; path = SwiftDataStructruesTests.xctest; sourceTree = BUILT_PRODUCTS_DIR; };
		E39870332061EF3D00B75875 /* SwiftDataStructruesTests.swift */ = {isa = PBXFileReference; lastKnownFileType = sourcecode.swift; path = SwiftDataStructruesTests.swift; sourceTree = "<group>"; };
		E39870352061EF3D00B75875 /* Info.plist */ = {isa = PBXFileReference; lastKnownFileType = text.plist.xml; path = Info.plist; sourceTree = "<group>"; };
		E39870442061EFB100B75875 /* Heap.swift */ = {isa = PBXFileReference; lastKnownFileType = sourcecode.swift; path = Heap.swift; sourceTree = "<group>"; };
		E398704620622F7800B75875 /* Queue.swift */ = {isa = PBXFileReference; lastKnownFileType = sourcecode.swift; path = Queue.swift; sourceTree = "<group>"; };
/* End PBXFileReference section */

/* Begin PBXFrameworksBuildPhase section */
		E39870182061EF3D00B75875 /* Frameworks */ = {
			isa = PBXFrameworksBuildPhase;
			buildActionMask = 2147483647;
			files = (
			);
			runOnlyForDeploymentPostprocessing = 0;
		};
		E398702C2061EF3D00B75875 /* Frameworks */ = {
			isa = PBXFrameworksBuildPhase;
			buildActionMask = 2147483647;
			files = (
			);
			runOnlyForDeploymentPostprocessing = 0;
		};
/* End PBXFrameworksBuildPhase section */

/* Begin PBXGroup section */
		E347EC3620736B0400D871D2 /* BinarySearchTree */ = {
			isa = PBXGroup;
			children = (
				E347EC3720736B2900D871D2 /* BinarySearchTree.swift */,
			);
			path = BinarySearchTree;
			sourceTree = "<group>";
		};
		E347EC3B20736CCC00D871D2 /* RingBuffer */ = {
			isa = PBXGroup;
			children = (
				E347EC3C20736CEE00D871D2 /* RingBuffer.swift */,
			);
			path = RingBuffer;
			sourceTree = "<group>";
		};
		E39870122061EF3C00B75875 = {
			isa = PBXGroup;
			children = (
				E398701D2061EF3D00B75875 /* SwiftDataStructrues */,
				E39870322061EF3D00B75875 /* SwiftDataStructruesTests */,
				E398701C2061EF3D00B75875 /* Products */,
			);
			sourceTree = "<group>";
		};
		E398701C2061EF3D00B75875 /* Products */ = {
			isa = PBXGroup;
			children = (
				E398701B2061EF3D00B75875 /* SwiftDataStructrues.app */,
				E398702F2061EF3D00B75875 /* SwiftDataStructruesTests.xctest */,
			);
			name = Products;
			sourceTree = "<group>";
		};
		E398701D2061EF3D00B75875 /* SwiftDataStructrues */ = {
			isa = PBXGroup;
			children = (
				E347EC3B20736CCC00D871D2 /* RingBuffer */,
				E347EC3620736B0400D871D2 /* BinarySearchTree */,
				E39870432061EFA100B75875 /* Heap */,
				E39870422061EF8900B75875 /* Queue */,
				E39870412061EF7E00B75875 /* Stack */,
				E39870402061EF7300B75875 /* BinaryTree */,
				E398703F2061EF6900B75875 /* LinkedList */,
				E398703E2061EF5A00B75875 /* Tree */,
				E398701E2061EF3D00B75875 /* AppDelegate.swift */,
				E39870202061EF3D00B75875 /* ViewController.swift */,
				E39870222061EF3D00B75875 /* Main.storyboard */,
				E39870252061EF3D00B75875 /* Assets.xcassets */,
				E39870272061EF3D00B75875 /* LaunchScreen.storyboard */,
				E398702A2061EF3D00B75875 /* Info.plist */,
			);
			path = SwiftDataStructrues;
			sourceTree = "<group>";
		};
		E39870322061EF3D00B75875 /* SwiftDataStructruesTests */ = {
			isa = PBXGroup;
			children = (
				E39870332061EF3D00B75875 /* SwiftDataStructruesTests.swift */,
				E39870352061EF3D00B75875 /* Info.plist */,
			);
			path = SwiftDataStructruesTests;
			sourceTree = "<group>";
		};
		E398703E2061EF5A00B75875 /* Tree */ = {
			isa = PBXGroup;
			children = (
				E345C0532066BFDC0037B2F0 /* Tree.swift */,
			);
			path = Tree;
			sourceTree = "<group>";
		};
		E398703F2061EF6900B75875 /* LinkedList */ = {
			isa = PBXGroup;
			children = (
				E347EC3920736BE200D871D2 /* LinkedList.swift */,
			);
			path = LinkedList;
			sourceTree = "<group>";
		};
		E39870402061EF7300B75875 /* BinaryTree */ = {
			isa = PBXGroup;
			children = (
				E309595D20680FE600127FEF /* BinaryTree.swift */,
			);
			path = BinaryTree;
			sourceTree = "<group>";
		};
		E39870412061EF7E00B75875 /* Stack */ = {
			isa = PBXGroup;
			children = (
				E394428420625646009A3B30 /* Stack.swift */,
			);
			path = Stack;
			sourceTree = "<group>";
		};
		E39870422061EF8900B75875 /* Queue */ = {
			isa = PBXGroup;
			children = (
				E398704620622F7800B75875 /* Queue.swift */,
			);
			path = Queue;
			sourceTree = "<group>";
		};
		E39870432061EFA100B75875 /* Heap */ = {
			isa = PBXGroup;
			children = (
				E39870442061EFB100B75875 /* Heap.swift */,
			);
			path = Heap;
			sourceTree = "<group>";
		};
/* End PBXGroup section */

/* Begin PBXNativeTarget section */
		E398701A2061EF3D00B75875 /* SwiftDataStructrues */ = {
			isa = PBXNativeTarget;
			buildConfigurationList = E39870382061EF3D00B75875 /* Build configuration list for PBXNativeTarget "SwiftDataStructrues" */;
			buildPhases = (
				E39870172061EF3D00B75875 /* Sources */,
				E39870182061EF3D00B75875 /* Frameworks */,
				E39870192061EF3D00B75875 /* Resources */,
			);
			buildRules = (
			);
			dependencies = (
			);
			name = SwiftDataStructrues;
			productName = SwiftDataStructrues;
			productReference = E398701B2061EF3D00B75875 /* SwiftDataStructrues.app */;
			productType = "com.apple.product-type.application";
		};
		E398702E2061EF3D00B75875 /* SwiftDataStructruesTests */ = {
			isa = PBXNativeTarget;
			buildConfigurationList = E398703B2061EF3D00B75875 /* Build configuration list for PBXNativeTarget "SwiftDataStructruesTests" */;
			buildPhases = (
				E398702B2061EF3D00B75875 /* Sources */,
				E398702C2061EF3D00B75875 /* Frameworks */,
				E398702D2061EF3D00B75875 /* Resources */,
			);
			buildRules = (
			);
			dependencies = (
				E39870312061EF3D00B75875 /* PBXTargetDependency */,
			);
			name = SwiftDataStructruesTests;
			productName = SwiftDataStructruesTests;
			productReference = E398702F2061EF3D00B75875 /* SwiftDataStructruesTests.xctest */;
			productType = "com.apple.product-type.bundle.unit-test";
		};
/* End PBXNativeTarget section */

/* Begin PBXProject section */
		E39870132061EF3C00B75875 /* Project object */ = {
			isa = PBXProject;
			attributes = {
				LastSwiftUpdateCheck = 0920;
				LastUpgradeCheck = 0920;
				ORGANIZATIONNAME = "taehoon lee";
				TargetAttributes = {
					E398701A2061EF3D00B75875 = {
						CreatedOnToolsVersion = 9.2;
						ProvisioningStyle = Automatic;
					};
					E398702E2061EF3D00B75875 = {
						CreatedOnToolsVersion = 9.2;
						ProvisioningStyle = Automatic;
						TestTargetID = E398701A2061EF3D00B75875;
					};
				};
			};
			buildConfigurationList = E39870162061EF3C00B75875 /* Build configuration list for PBXProject "SwiftDataStructrues" */;
			compatibilityVersion = "Xcode 8.0";
			developmentRegion = en;
			hasScannedForEncodings = 0;
			knownRegions = (
				en,
				Base,
			);
			mainGroup = E39870122061EF3C00B75875;
			productRefGroup = E398701C2061EF3D00B75875 /* Products */;
			projectDirPath = "";
			projectRoot = "";
			targets = (
				E398701A2061EF3D00B75875 /* SwiftDataStructrues */,
				E398702E2061EF3D00B75875 /* SwiftDataStructruesTests */,
			);
		};
/* End PBXProject section */

/* Begin PBXResourcesBuildPhase section */
		E39870192061EF3D00B75875 /* Resources */ = {
			isa = PBXResourcesBuildPhase;
			buildActionMask = 2147483647;
			files = (
				E39870292061EF3D00B75875 /* LaunchScreen.storyboard in Resources */,
				E39870262061EF3D00B75875 /* Assets.xcassets in Resources */,
				E39870242061EF3D00B75875 /* Main.storyboard in Resources */,
			);
			runOnlyForDeploymentPostprocessing = 0;
		};
		E398702D2061EF3D00B75875 /* Resources */ = {
			isa = PBXResourcesBuildPhase;
			buildActionMask = 2147483647;
			files = (
			);
			runOnlyForDeploymentPostprocessing = 0;
		};
/* End PBXResourcesBuildPhase section */

/* Begin PBXSourcesBuildPhase section */
		E39870172061EF3D00B75875 /* Sources */ = {
			isa = PBXSourcesBuildPhase;
			buildActionMask = 2147483647;
			files = (
				E39870452061EFB100B75875 /* Heap.swift in Sources */,
				E394428520625646009A3B30 /* Stack.swift in Sources */,
				E347EC3820736B2900D871D2 /* BinarySearchTree.swift in Sources */,
				E347EC3A20736BE200D871D2 /* LinkedList.swift in Sources */,
				E39870212061EF3D00B75875 /* ViewController.swift in Sources */,
				E309595E20680FE600127FEF /* BinaryTree.swift in Sources */,
				E347EC3D20736CEE00D871D2 /* RingBuffer.swift in Sources */,
				E345C0542066BFDC0037B2F0 /* Tree.swift in Sources */,
				E398701F2061EF3D00B75875 /* AppDelegate.swift in Sources */,
				E398704720622F7800B75875 /* Queue.swift in Sources */,
			);
			runOnlyForDeploymentPostprocessing = 0;
		};
		E398702B2061EF3D00B75875 /* Sources */ = {
			isa = PBXSourcesBuildPhase;
			buildActionMask = 2147483647;
			files = (
				E39870342061EF3D00B75875 /* SwiftDataStructruesTests.swift in Sources */,
			);
			runOnlyForDeploymentPostprocessing = 0;
		};
/* End PBXSourcesBuildPhase section */

/* Begin PBXTargetDependency section */
		E39870312061EF3D00B75875 /* PBXTargetDependency */ = {
			isa = PBXTargetDependency;
			target = E398701A2061EF3D00B75875 /* SwiftDataStructrues */;
			targetProxy = E39870302061EF3D00B75875 /* PBXContainerItemProxy */;
		};
/* End PBXTargetDependency section */

/* Begin PBXVariantGroup section */
		E39870222061EF3D00B75875 /* Main.storyboard */ = {
			isa = PBXVariantGroup;
			children = (
				E39870232061EF3D00B75875 /* Base */,
			);
			name = Main.storyboard;
			sourceTree = "<group>";
		};
		E39870272061EF3D00B75875 /* LaunchScreen.storyboard */ = {
			isa = PBXVariantGroup;
			children = (
				E39870282061EF3D00B75875 /* Base */,
			);
			name = LaunchScreen.storyboard;
			sourceTree = "<group>";
		};
/* End PBXVariantGroup section */

/* Begin XCBuildConfiguration section */
		E39870362061EF3D00B75875 /* Debug */ = {
			isa = XCBuildConfiguration;
			buildSettings = {
				ALWAYS_SEARCH_USER_PATHS = NO;
				CLANG_ANALYZER_NONNULL = YES;
				CLANG_ANALYZER_NUMBER_OBJECT_CONVERSION = YES_AGGRESSIVE;
				CLANG_CXX_LANGUAGE_STANDARD = "gnu++14";
				CLANG_CXX_LIBRARY = "libc++";
				CLANG_ENABLE_MODULES = YES;
				CLANG_ENABLE_OBJC_ARC = YES;
				CLANG_WARN_BLOCK_CAPTURE_AUTORELEASING = YES;
				CLANG_WARN_BOOL_CONVERSION = YES;
				CLANG_WARN_COMMA = YES;
				CLANG_WARN_CONSTANT_CONVERSION = YES;
				CLANG_WARN_DIRECT_OBJC_ISA_USAGE = YES_ERROR;
				CLANG_WARN_DOCUMENTATION_COMMENTS = YES;
				CLANG_WARN_EMPTY_BODY = YES;
				CLANG_WARN_ENUM_CONVERSION = YES;
				CLANG_WARN_INFINITE_RECURSION = YES;
				CLANG_WARN_INT_CONVERSION = YES;
				CLANG_WARN_NON_LITERAL_NULL_CONVERSION = YES;
				CLANG_WARN_OBJC_LITERAL_CONVERSION = YES;
				CLANG_WARN_OBJC_ROOT_CLASS = YES_ERROR;
				CLANG_WARN_RANGE_LOOP_ANALYSIS = YES;
				CLANG_WARN_STRICT_PROTOTYPES = YES;
				CLANG_WARN_SUSPICIOUS_MOVE = YES;
				CLANG_WARN_UNGUARDED_AVAILABILITY = YES_AGGRESSIVE;
				CLANG_WARN_UNREACHABLE_CODE = YES;
				CLANG_WARN__DUPLICATE_METHOD_MATCH = YES;
				CODE_SIGN_IDENTITY = "iPhone Developer";
				COPY_PHASE_STRIP = NO;
				DEBUG_INFORMATION_FORMAT = dwarf;
				ENABLE_STRICT_OBJC_MSGSEND = YES;
				ENABLE_TESTABILITY = YES;
				GCC_C_LANGUAGE_STANDARD = gnu11;
				GCC_DYNAMIC_NO_PIC = NO;
				GCC_NO_COMMON_BLOCKS = YES;
				GCC_OPTIMIZATION_LEVEL = 0;
				GCC_PREPROCESSOR_DEFINITIONS = (
					"DEBUG=1",
					"$(inherited)",
				);
				GCC_WARN_64_TO_32_BIT_CONVERSION = YES;
				GCC_WARN_ABOUT_RETURN_TYPE = YES_ERROR;
				GCC_WARN_UNDECLARED_SELECTOR = YES;
				GCC_WARN_UNINITIALIZED_AUTOS = YES_AGGRESSIVE;
				GCC_WARN_UNUSED_FUNCTION = YES;
				GCC_WARN_UNUSED_VARIABLE = YES;
				IPHONEOS_DEPLOYMENT_TARGET = 11.2;
				MTL_ENABLE_DEBUG_INFO = YES;
				ONLY_ACTIVE_ARCH = YES;
				SDKROOT = iphoneos;
				SWIFT_ACTIVE_COMPILATION_CONDITIONS = DEBUG;
				SWIFT_OPTIMIZATION_LEVEL = "-Onone";
			};
			name = Debug;
		};
		E39870372061EF3D00B75875 /* Release */ = {
			isa = XCBuildConfiguration;
			buildSettings = {
				ALWAYS_SEARCH_USER_PATHS = NO;
				CLANG_ANALYZER_NONNULL = YES;
				CLANG_ANALYZER_NUMBER_OBJECT_CONVERSION = YES_AGGRESSIVE;
				CLANG_CXX_LANGUAGE_STANDARD = "gnu++14";
				CLANG_CXX_LIBRARY = "libc++";
				CLANG_ENABLE_MODULES = YES;
				CLANG_ENABLE_OBJC_ARC = YES;
				CLANG_WARN_BLOCK_CAPTURE_AUTORELEASING = YES;
				CLANG_WARN_BOOL_CONVERSION = YES;
				CLANG_WARN_COMMA = YES;
				CLANG_WARN_CONSTANT_CONVERSION = YES;
				CLANG_WARN_DIRECT_OBJC_ISA_USAGE = YES_ERROR;
				CLANG_WARN_DOCUMENTATION_COMMENTS = YES;
				CLANG_WARN_EMPTY_BODY = YES;
				CLANG_WARN_ENUM_CONVERSION = YES;
				CLANG_WARN_INFINITE_RECURSION = YES;
				CLANG_WARN_INT_CONVERSION = YES;
				CLANG_WARN_NON_LITERAL_NULL_CONVERSION = YES;
				CLANG_WARN_OBJC_LITERAL_CONVERSION = YES;
				CLANG_WARN_OBJC_ROOT_CLASS = YES_ERROR;
				CLANG_WARN_RANGE_LOOP_ANALYSIS = YES;
				CLANG_WARN_STRICT_PROTOTYPES = YES;
				CLANG_WARN_SUSPICIOUS_MOVE = YES;
				CLANG_WARN_UNGUARDED_AVAILABILITY = YES_AGGRESSIVE;
				CLANG_WARN_UNREACHABLE_CODE = YES;
				CLANG_WARN__DUPLICATE_METHOD_MATCH = YES;
				CODE_SIGN_IDENTITY = "iPhone Developer";
				COPY_PHASE_STRIP = NO;
				DEBUG_INFORMATION_FORMAT = "dwarf-with-dsym";
				ENABLE_NS_ASSERTIONS = NO;
				ENABLE_STRICT_OBJC_MSGSEND = YES;
				GCC_C_LANGUAGE_STANDARD = gnu11;
				GCC_NO_COMMON_BLOCKS = YES;
				GCC_WARN_64_TO_32_BIT_CONVERSION = YES;
				GCC_WARN_ABOUT_RETURN_TYPE = YES_ERROR;
				GCC_WARN_UNDECLARED_SELECTOR = YES;
				GCC_WARN_UNINITIALIZED_AUTOS = YES_AGGRESSIVE;
				GCC_WARN_UNUSED_FUNCTION = YES;
				GCC_WARN_UNUSED_VARIABLE = YES;
				IPHONEOS_DEPLOYMENT_TARGET = 11.2;
				MTL_ENABLE_DEBUG_INFO = NO;
				SDKROOT = iphoneos;
				SWIFT_OPTIMIZATION_LEVEL = "-Owholemodule";
				VALIDATE_PRODUCT = YES;
			};
			name = Release;
		};
		E39870392061EF3D00B75875 /* Debug */ = {
			isa = XCBuildConfiguration;
			buildSettings = {
				ASSETCATALOG_COMPILER_APPICON_NAME = AppIcon;
				CODE_SIGN_STYLE = Automatic;
				DEVELOPMENT_TEAM = GZ9MP853AP;
				INFOPLIST_FILE = SwiftDataStructrues/Info.plist;
				LD_RUNPATH_SEARCH_PATHS = "$(inherited) @executable_path/Frameworks";
				PRODUCT_BUNDLE_IDENTIFIER = com.3dasu.iPhoneDev.SwiftDataStructrues;
				PRODUCT_NAME = "$(TARGET_NAME)";
				SWIFT_VERSION = 4.0;
				TARGETED_DEVICE_FAMILY = "1,2";
			};
			name = Debug;
		};
		E398703A2061EF3D00B75875 /* Release */ = {
			isa = XCBuildConfiguration;
			buildSettings = {
				ASSETCATALOG_COMPILER_APPICON_NAME = AppIcon;
				CODE_SIGN_STYLE = Automatic;
				DEVELOPMENT_TEAM = GZ9MP853AP;
				INFOPLIST_FILE = SwiftDataStructrues/Info.plist;
				LD_RUNPATH_SEARCH_PATHS = "$(inherited) @executable_path/Frameworks";
				PRODUCT_BUNDLE_IDENTIFIER = com.3dasu.iPhoneDev.SwiftDataStructrues;
				PRODUCT_NAME = "$(TARGET_NAME)";
				SWIFT_VERSION = 4.0;
				TARGETED_DEVICE_FAMILY = "1,2";
			};
			name = Release;
		};
		E398703C2061EF3D00B75875 /* Debug */ = {
			isa = XCBuildConfiguration;
			buildSettings = {
				ALWAYS_EMBED_SWIFT_STANDARD_LIBRARIES = YES;
				BUNDLE_LOADER = "$(TEST_HOST)";
				CODE_SIGN_STYLE = Automatic;
				DEVELOPMENT_TEAM = GZ9MP853AP;
				INFOPLIST_FILE = SwiftDataStructruesTests/Info.plist;
				LD_RUNPATH_SEARCH_PATHS = "$(inherited) @executable_path/Frameworks @loader_path/Frameworks";
				PRODUCT_BUNDLE_IDENTIFIER = com.3dasu.iPhoneDev.SwiftDataStructruesTests;
				PRODUCT_NAME = "$(TARGET_NAME)";
				SWIFT_VERSION = 4.0;
				TARGETED_DEVICE_FAMILY = "1,2";
				TEST_HOST = "$(BUILT_PRODUCTS_DIR)/SwiftDataStructrues.app/SwiftDataStructrues";
			};
			name = Debug;
		};
		E398703D2061EF3D00B75875 /* Release */ = {
			isa = XCBuildConfiguration;
			buildSettings = {
				ALWAYS_EMBED_SWIFT_STANDARD_LIBRARIES = YES;
				BUNDLE_LOADER = "$(TEST_HOST)";
				CODE_SIGN_STYLE = Automatic;
				DEVELOPMENT_TEAM = GZ9MP853AP;
				INFOPLIST_FILE = SwiftDataStructruesTests/Info.plist;
				LD_RUNPATH_SEARCH_PATHS = "$(inherited) @executable_path/Frameworks @loader_path/Frameworks";
				PRODUCT_BUNDLE_IDENTIFIER = com.3dasu.iPhoneDev.SwiftDataStructruesTests;
				PRODUCT_NAME = "$(TARGET_NAME)";
				SWIFT_VERSION = 4.0;
				TARGETED_DEVICE_FAMILY = "1,2";
				TEST_HOST = "$(BUILT_PRODUCTS_DIR)/SwiftDataStructrues.app/SwiftDataStructrues";
			};
			name = Release;
		};
/* End XCBuildConfiguration section */

/* Begin XCConfigurationList section */
		E39870162061EF3C00B75875 /* Build configuration list for PBXProject "SwiftDataStructrues" */ = {
			isa = XCConfigurationList;
			buildConfigurations = (
				E39870362061EF3D00B75875 /* Debug */,
				E39870372061EF3D00B75875 /* Release */,
			);
			defaultConfigurationIsVisible = 0;
			defaultConfigurationName = Release;
		};
		E39870382061EF3D00B75875 /* Build configuration list for PBXNativeTarget "SwiftDataStructrues" */ = {
			isa = XCConfigurationList;
			buildConfigurations = (
				E39870392061EF3D00B75875 /* Debug */,
				E398703A2061EF3D00B75875 /* Release */,
			);
			defaultConfigurationIsVisible = 0;
			defaultConfigurationName = Release;
		};
		E398703B2061EF3D00B75875 /* Build configuration list for PBXNativeTarget "SwiftDataStructruesTests" */ = {
			isa = XCConfigurationList;
			buildConfigurations = (
				E398703C2061EF3D00B75875 /* Debug */,
				E398703D2061EF3D00B75875 /* Release */,
			);
			defaultConfigurationIsVisible = 0;
			defaultConfigurationName = Release;
		};
/* End XCConfigurationList section */
	};
	rootObject = E39870132061EF3C00B75875 /* Project object */;
}
